
Microsoft Visual Studio Solution File, Format Version 12.00
Project("{FAE04EC0-301F-11D3-BF4B-00C04F79EFBC}") = "ShoppingList.WebServices", "ShoppingList.WebServices\ShoppingList.WebServices.csproj", "{0468EBB4-C736-43F7-BE2E-FDBEF081916F}"
EndProject
Global
	GlobalSection(SolutionConfigurationPlatforms) = preSolution
		Debug|Any CPU = Debug|Any CPU
		Release|Any CPU = Release|Any CPU
	EndGlobalSection
	GlobalSection(ProjectConfigurationPlatforms) = postSolution
		{0468EBB4-C736-43F7-BE2E-FDBEF081916F}.Debug|Any CPU.ActiveCfg = Debug|Any CPU
		{0468EBB4-C736-43F7-BE2E-FDBEF081916F}.Debug|Any CPU.Build.0 = Debug|Any CPU
		{0468EBB4-C736-43F7-BE2E-FDBEF081916F}.Release|Any CPU.ActiveCfg = Release|Any CPU
		{0468EBB4-C736-43F7-BE2E-FDBEF081916F}.Release|Any CPU.Build.0 = Release|Any CPU
	EndGlobalSection
EndGlobal
